
Microsoft Visual Studio Solution File, Format Version 11.00
# Visual Studio 2010
Project("{FAE04EC0-301F-11D3-BF4B-00C04F79EFBC}") = "launcher_updater.exe", "launcher_updater.csproj", "{673459FD-53F5-45E8-B84A-1082E806E795}"
EndProject
Global
	GlobalSection(SolutionConfigurationPlatforms) = preSolution
		Debug|Any CPU = Debug|Any CPU
		Release|Any CPU = Release|Any CPU
	EndGlobalSection
	GlobalSection(ProjectConfigurationPlatforms) = postSolution
		{673459FD-53F5-45E8-B84A-1082E806E795}.Debug|Any CPU.ActiveCfg = Debug|Any CPU
		{673459FD-53F5-45E8-B84A-1082E806E795}.Debug|Any CPU.Build.0 = Debug|Any CPU
		{673459FD-53F5-45E8-B84A-1082E806E795}.Release|Any CPU.ActiveCfg = Release|Any CPU
		{673459FD-53F5-45E8-B84A-1082E806E795}.Release|Any CPU.Build.0 = Release|Any CPU
	EndGlobalSection
	GlobalSection(SolutionProperties) = preSolution
		HideSolutionNode = FALSE
	EndGlobalSection
EndGlobal
